# THIS IS AN AUTOGENERATED FILE. DO NOT EDIT THIS FILE DIRECTLY.
# yarn lockfile v1


jquery@^3.5.0:
  version "3.5.0"
  resolved "https://registry.yarnpkg.com/jquery/-/jquery-3.5.0.tgz#9980b97d9e4194611c36530e7dc46a58d7340fc9"
  integrity sha512-Xb7SVYMvygPxbFMpTFQiHh1J7HClEaThguL15N/Gg37Lri/qKyhRGZYzHRyLH8Stq3Aow0LsHO2O2ci86fCrNQ==

js-datepicker@^5.10.0:
  version "5.10.0"
  resolved "https://registry.yarnpkg.com/js-datepicker/-/js-datepicker-5.10.0.tgz#5fbd13a0dc10f289ab3f9e179a2580314f77dd69"
  integrity sha512-7BTEmEPDKPEXifxqJitGBIrB/NvERPAbI16xyZqBwkp+HPZSV/Io13pca9JYNL80bA5ZIPhRAPV1CRkRv+BHSQ==
